<?xml version="1.0" encoding="utf-8"?>
<Project ToolsVersion="4.0" xmlns="http://schemas.microsoft.com/developer/msbuild/2003">
  <ItemGroup>
    <Filter Include="src">
      <UniqueIdentifier>{352f2ca0-2c4b-4eb8-b2d6-6ffea95f289c}</UniqueIdentifier>
    </Filter>
    <Filter Include="src\data">
      <UniqueIdentifier>{2b1961c6-bc36-4c7e-8261-0bf4de843ebc}</UniqueIdentifier>
    </Filter>
  </ItemGroup>
  <ItemGroup>
    <ClInclude Include="visu.hh">
      <Filter>src</Filter>
    </ClInclude>
    <ClInclude Include="fn.hh">
      <Filter>src</Filter>
    </ClInclude>
    <ClInclude Include="def.hh">
      <Filter>src</Filter>
    </ClInclude>
    <ClInclude Include="sync.hh">
      <Filter>src</Filter>
    </ClInclude>
    <ClInclude Include="clinkster.h">
      <Filter>src\data</Filter>
    </ClInclude>
    <ClInclude Include="asmlib.hh">
      <Filter>src</Filter>
    </ClInclude>
  </ItemGroup>
  <ItemGroup>
    <ClCompile Include="main.cc">
      <Filter>src</Filter>
    </ClCompile>
  </ItemGroup>
  <ItemGroup>
    <Object Include="lib.obj">
      <Filter>src\data</Filter>
    </Object>
    <Object Include="..\music_here\clinkster.obj">
      <Filter>src\data</Filter>
    </Object>
    <Object Include="..\music_here\music.obj">
      <Filter>src\data</Filter>
    </Object>
  </ItemGroup>
  <ItemGroup>
    <None Include="clinkster.asm">
      <Filter>src\data</Filter>
    </None>
    <None Include="lib.asm">
      <Filter>src</Filter>
    </None>
  </ItemGroup>
</Project>